<?xml version="1.0" encoding="utf-8"?>
<Project ToolsVersion="4.0" xmlns="http://schemas.microsoft.com/developer/msbuild/2003">
  <ItemGroup>
    <Filter Include="Source Files">
      <UniqueIdentifier>{4FC737F1-C7A5-4376-A066-2A32D752A2FF}</UniqueIdentifier>
      <Extensions>cpp;c;cc;cxx;c++;cppm;ixx;def;odl;idl;hpj;bat;asm;asmx</Extensions>
    </Filter>
    <Filter Include="Header Files">
      <UniqueIdentifier>{93995380-89BD-4b04-88EB-625FBE52EBFB}</UniqueIdentifier>
      <Extensions>h;hh;hpp;hxx;h++;hm;inl;inc;ipp;xsd</Extensions>
    </Filter>
    <Filter Include="Resource Files">
      <UniqueIdentifier>{67DA6AB6-F800-4c08-8B7A-83BB121AAD01}</UniqueIdentifier>
      <Extensions>rc;ico;cur;bmp;dlg;rc2;rct;bin;rgs;gif;jpg;jpeg;jpe;resx;tiff;tif;png;wav;mfcribbon-ms</Extensions>
    </Filter>
  </ItemGroup>
  <ItemGroup>
    <ClCompile Include="main.cpp">
      <Filter>Source Files</Filter>
    </ClCompile>
    <ClCompile Include="cvrpsep\twomatch.cpp">
      <Filter>Source Files</Filter>
    </ClCompile>
    <ClCompile Include="cvrpsep\strngcmp.cpp">
      <Filter>Source Files</Filter>
    </ClCompile>
    <ClCompile Include="cvrpsep\strcomb.cpp">
      <Filter>Source Files</Filter>
    </ClCompile>
    <ClCompile Include="cvrpsep\sort.cpp">
      <Filter>Source Files</Filter>
    </ClCompile>
    <ClCompile Include="cvrpsep\newhtour.cpp">
      <Filter>Source Files</Filter>
    </ClCompile>
    <ClCompile Include="cvrpsep\mxf.cpp">
      <Filter>Source Files</Filter>
    </ClCompile>
    <ClCompile Include="cvrpsep\mstarsep.cpp">
      <Filter>Source Files</Filter>
    </ClCompile>
    <ClCompile Include="cvrpsep\memmod.cpp">
      <Filter>Source Files</Filter>
    </ClCompile>
    <ClCompile Include="cvrpsep\intap.cpp">
      <Filter>Source Files</Filter>
    </ClCompile>
    <ClCompile Include="cvrpsep\htoursep.cpp">
      <Filter>Source Files</Filter>
    </ClCompile>
    <ClCompile Include="cvrpsep\hpmstar.cpp">
      <Filter>Source Files</Filter>
    </ClCompile>
    <ClCompile Include="cvrpsep\grsearch.cpp">
      <Filter>Source Files</Filter>
    </ClCompile>
    <ClCompile Include="cvrpsep\glmsep.cpp">
      <Filter>Source Files</Filter>
    </ClCompile>
    <ClCompile Include="cvrpsep\fcits.cpp">
      <Filter>Source Files</Filter>
    </ClCompile>
    <ClCompile Include="cvrpsep\fcisep.cpp">
      <Filter>Source Files</Filter>
    </ClCompile>
    <ClCompile Include="cvrpsep\fcapfix.cpp">
      <Filter>Source Files</Filter>
    </ClCompile>
    <ClCompile Include="cvrpsep\cutbase.cpp">
      <Filter>Source Files</Filter>
    </ClCompile>
    <ClCompile Include="cvrpsep\compress.cpp">
      <Filter>Source Files</Filter>
    </ClCompile>
    <ClCompile Include="cvrpsep\compcuts.cpp">
      <Filter>Source Files</Filter>
    </ClCompile>
    <ClCompile Include="cvrpsep\combsep.cpp">
      <Filter>Source Files</Filter>
    </ClCompile>
    <ClCompile Include="cvrpsep\cnstrmgr.cpp">
      <Filter>Source Files</Filter>
    </ClCompile>
    <ClCompile Include="cvrpsep\capsep.cpp">
      <Filter>Source Files</Filter>
    </ClCompile>
    <ClCompile Include="cvrpsep\brnching.cpp">
      <Filter>Source Files</Filter>
    </ClCompile>
    <ClCompile Include="cvrpsep\blocks.cpp">
      <Filter>Source Files</Filter>
    </ClCompile>
    <ClCompile Include="cvrpsep\binpack.cpp">
      <Filter>Source Files</Filter>
    </ClCompile>
    <ClCompile Include="cvrpsep\basegrph.cpp">
      <Filter>Source Files</Filter>
    </ClCompile>
  </ItemGroup>
  <ItemGroup>
    <ClInclude Include="load.h">
      <Filter>Header Files</Filter>
    </ClInclude>
    <ClInclude Include="rc.h">
      <Filter>Header Files</Filter>
    </ClInclude>
    <ClInclude Include="utils.h">
      <Filter>Header Files</Filter>
    </ClInclude>
    <ClInclude Include="col_gen.h">
      <Filter>Header Files</Filter>
    </ClInclude>
    <ClInclude Include="event_based.h">
      <Filter>Header Files</Filter>
    </ClInclude>
    <ClInclude Include="location_based.h">
      <Filter>Header Files</Filter>
    </ClInclude>
    <ClInclude Include="route_based.h">
      <Filter>Header Files</Filter>
    </ClInclude>
    <ClInclude Include="arc_based_dl.h">
      <Filter>Header Files</Filter>
    </ClInclude>
    <ClInclude Include="route_and_event_based.h">
      <Filter>Header Files</Filter>
    </ClInclude>
    <ClInclude Include="one_com_flow.h">
      <Filter>Header Files</Filter>
    </ClInclude>
    <ClInclude Include="two_com_flow.h">
      <Filter>Header Files</Filter>
    </ClInclude>
    <ClInclude Include="multi_com_flow.h">
      <Filter>Header Files</Filter>
    </ClInclude>
    <ClInclude Include="time_flow.h">
      <Filter>Header Files</Filter>
    </ClInclude>
    <ClInclude Include="fmrsp.h">
      <Filter>Header Files</Filter>
    </ClInclude>
    <ClInclude Include="separation.h">
      <Filter>Header Files</Filter>
    </ClInclude>
  </ItemGroup>
</Project>